
Microsoft Visual Studio Solution File, Format Version 12.00
# Visual Studio 15
VisualStudioVersion = 15.0.27428.2037
MinimumVisualStudioVersion = 10.0.40219.1
Project("{FAE04EC0-301F-11D3-BF4B-00C04F79EFBC}") = "MiCalculadora", "MiCalculadora\MiCalculadora.csproj", "{C5CACA57-E188-46F4-975F-FA7861B0A187}"
EndProject
Project("{FAE04EC0-301F-11D3-BF4B-00C04F79EFBC}") = "Entidades", "Entidades\Entidades.csproj", "{C71342A1-5F39-4DA4-BEA1-C8D40A854F22}"
EndProject
Global
	GlobalSection(SolutionConfigurationPlatforms) = preSolution
		Debug|Any CPU = Debug|Any CPU
		Release|Any CPU = Release|Any CPU
	EndGlobalSection
	GlobalSection(ProjectConfigurationPlatforms) = postSolution
		{C5CACA57-E188-46F4-975F-FA7861B0A187}.Debug|Any CPU.ActiveCfg = Debug|Any CPU
		{C5CACA57-E188-46F4-975F-FA7861B0A187}.Debug|Any CPU.Build.0 = Debug|Any CPU
		{C5CACA57-E188-46F4-975F-FA7861B0A187}.Release|Any CPU.ActiveCfg = Release|Any CPU
		{C5CACA57-E188-46F4-975F-FA7861B0A187}.Release|Any CPU.Build.0 = Release|Any CPU
		{C71342A1-5F39-4DA4-BEA1-C8D40A854F22}.Debug|Any CPU.ActiveCfg = Debug|Any CPU
		{C71342A1-5F39-4DA4-BEA1-C8D40A854F22}.Debug|Any CPU.Build.0 = Debug|Any CPU
		{C71342A1-5F39-4DA4-BEA1-C8D40A854F22}.Release|Any CPU.ActiveCfg = Release|Any CPU
		{C71342A1-5F39-4DA4-BEA1-C8D40A854F22}.Release|Any CPU.Build.0 = Release|Any CPU
	EndGlobalSection
	GlobalSection(SolutionProperties) = preSolution
		HideSolutionNode = FALSE
	EndGlobalSection
	GlobalSection(ExtensibilityGlobals) = postSolution
		SolutionGuid = {94DB4583-53E8-49BE-8114-3CA505F39711}
	EndGlobalSection
EndGlobal
