
Microsoft Visual Studio Solution File, Format Version 12.00
# Visual Studio 15
VisualStudioVersion = 15.0.27703.2042
MinimumVisualStudioVersion = 10.0.40219.1
Project("{FAE04EC0-301F-11D3-BF4B-00C04F79EFBC}") = "MainCorreo", "MainCorreo\MainCorreo.csproj", "{05EB4933-A119-4AF3-8265-7275538691E2}"
EndProject
Project("{9A19103F-16F7-4668-BE54-9A1E7A4F7556}") = "Entidades", "Entidades1\Entidades.csproj", "{F5FC334A-7677-4B53-A3DB-ACC2D9800C6D}"
EndProject
Project("{FAE04EC0-301F-11D3-BF4B-00C04F79EFBC}") = "EntidadesUnitTest", "EntidadesUnitTest\EntidadesUnitTest.csproj", "{171868EA-10FA-4A44-903D-094BD3CCF71F}"
EndProject
Global
	GlobalSection(SolutionConfigurationPlatforms) = preSolution
		Debug|Any CPU = Debug|Any CPU
		Release|Any CPU = Release|Any CPU
	EndGlobalSection
	GlobalSection(ProjectConfigurationPlatforms) = postSolution
		{05EB4933-A119-4AF3-8265-7275538691E2}.Debug|Any CPU.ActiveCfg = Debug|Any CPU
		{05EB4933-A119-4AF3-8265-7275538691E2}.Debug|Any CPU.Build.0 = Debug|Any CPU
		{05EB4933-A119-4AF3-8265-7275538691E2}.Release|Any CPU.ActiveCfg = Release|Any CPU
		{05EB4933-A119-4AF3-8265-7275538691E2}.Release|Any CPU.Build.0 = Release|Any CPU
		{F5FC334A-7677-4B53-A3DB-ACC2D9800C6D}.Debug|Any CPU.ActiveCfg = Debug|Any CPU
		{F5FC334A-7677-4B53-A3DB-ACC2D9800C6D}.Debug|Any CPU.Build.0 = Debug|Any CPU
		{F5FC334A-7677-4B53-A3DB-ACC2D9800C6D}.Release|Any CPU.ActiveCfg = Release|Any CPU
		{F5FC334A-7677-4B53-A3DB-ACC2D9800C6D}.Release|Any CPU.Build.0 = Release|Any CPU
		{171868EA-10FA-4A44-903D-094BD3CCF71F}.Debug|Any CPU.ActiveCfg = Debug|Any CPU
		{171868EA-10FA-4A44-903D-094BD3CCF71F}.Debug|Any CPU.Build.0 = Debug|Any CPU
		{171868EA-10FA-4A44-903D-094BD3CCF71F}.Release|Any CPU.ActiveCfg = Release|Any CPU
		{171868EA-10FA-4A44-903D-094BD3CCF71F}.Release|Any CPU.Build.0 = Release|Any CPU
	EndGlobalSection
	GlobalSection(SolutionProperties) = preSolution
		HideSolutionNode = FALSE
	EndGlobalSection
	GlobalSection(ExtensibilityGlobals) = postSolution
		SolutionGuid = {D8772AA4-1A18-47F7-9ECC-667B894CB9E3}
	EndGlobalSection
EndGlobal
